
Microsoft Visual Studio Solution File, Format Version 12.00
# Visual Studio Version 16
VisualStudioVersion = 16.0.30011.22
MinimumVisualStudioVersion = 10.0.40219.1
Project("{9A19103F-16F7-4668-BE54-9A1E7A4F7556}") = "BackEnd", "BackEnd\BackEnd.csproj", "{A933B41E-7C22-45D2-BBEE-7AEBEB2BCBFF}"
EndProject
Project("{9A19103F-16F7-4668-BE54-9A1E7A4F7556}") = "DTO", "DTO\DTO.csproj", "{DDF15E94-E6EF-4C2B-9870-F41D6A8EE51D}"
EndProject
Project("{FAE04EC0-301F-11D3-BF4B-00C04F79EFBC}") = "FrontEnd", "FrontEnd\FrontEnd.csproj", "{AE52652F-B969-47C1-9DAF-1611F1AACCA2}"
EndProject
Global
	GlobalSection(SolutionConfigurationPlatforms) = preSolution
		Debug|Any CPU = Debug|Any CPU
		Release|Any CPU = Release|Any CPU
	EndGlobalSection
	GlobalSection(ProjectConfigurationPlatforms) = postSolution
		{A933B41E-7C22-45D2-BBEE-7AEBEB2BCBFF}.Debug|Any CPU.ActiveCfg = Debug|Any CPU
		{A933B41E-7C22-45D2-BBEE-7AEBEB2BCBFF}.Debug|Any CPU.Build.0 = Debug|Any CPU
		{A933B41E-7C22-45D2-BBEE-7AEBEB2BCBFF}.Release|Any CPU.ActiveCfg = Release|Any CPU
		{A933B41E-7C22-45D2-BBEE-7AEBEB2BCBFF}.Release|Any CPU.Build.0 = Release|Any CPU
		{DDF15E94-E6EF-4C2B-9870-F41D6A8EE51D}.Debug|Any CPU.ActiveCfg = Debug|Any CPU
		{DDF15E94-E6EF-4C2B-9870-F41D6A8EE51D}.Debug|Any CPU.Build.0 = Debug|Any CPU
		{DDF15E94-E6EF-4C2B-9870-F41D6A8EE51D}.Release|Any CPU.ActiveCfg = Release|Any CPU
		{DDF15E94-E6EF-4C2B-9870-F41D6A8EE51D}.Release|Any CPU.Build.0 = Release|Any CPU
		{AE52652F-B969-47C1-9DAF-1611F1AACCA2}.Debug|Any CPU.ActiveCfg = Debug|Any CPU
		{AE52652F-B969-47C1-9DAF-1611F1AACCA2}.Debug|Any CPU.Build.0 = Debug|Any CPU
		{AE52652F-B969-47C1-9DAF-1611F1AACCA2}.Release|Any CPU.ActiveCfg = Release|Any CPU
		{AE52652F-B969-47C1-9DAF-1611F1AACCA2}.Release|Any CPU.Build.0 = Release|Any CPU
	EndGlobalSection
	GlobalSection(SolutionProperties) = preSolution
		HideSolutionNode = FALSE
	EndGlobalSection
	GlobalSection(ExtensibilityGlobals) = postSolution
		SolutionGuid = {00B6B3FC-95AE-49E8-922D-4478F5D24C73}
	EndGlobalSection
EndGlobal
